
Microsoft Visual Studio Solution File, Format Version 12.00
# Visual Studio 15
VisualStudioVersion = 15.0.28010.2046
MinimumVisualStudioVersion = 10.0.40219.1
Project("{FAE04EC0-301F-11D3-BF4B-00C04F79EFBC}") = "TPRLab2_2", "TPRLab2_2\TPRLab2_2.csproj", "{C8B4355B-BB29-4864-9DB5-683730F542DC}"
EndProject
Global
	GlobalSection(SolutionConfigurationPlatforms) = preSolution
		Debug|Any CPU = Debug|Any CPU
		Release|Any CPU = Release|Any CPU
	EndGlobalSection
	GlobalSection(ProjectConfigurationPlatforms) = postSolution
		{C8B4355B-BB29-4864-9DB5-683730F542DC}.Debug|Any CPU.ActiveCfg = Debug|Any CPU
		{C8B4355B-BB29-4864-9DB5-683730F542DC}.Debug|Any CPU.Build.0 = Debug|Any CPU
		{C8B4355B-BB29-4864-9DB5-683730F542DC}.Release|Any CPU.ActiveCfg = Release|Any CPU
		{C8B4355B-BB29-4864-9DB5-683730F542DC}.Release|Any CPU.Build.0 = Release|Any CPU
	EndGlobalSection
	GlobalSection(SolutionProperties) = preSolution
		HideSolutionNode = FALSE
	EndGlobalSection
	GlobalSection(ExtensibilityGlobals) = postSolution
		SolutionGuid = {84781A5E-6DF6-4CE2-BE26-E1F9335833CA}
	EndGlobalSection
EndGlobal
